
Microsoft Visual Studio Solution File, Format Version 12.00
# Visual Studio 15
VisualStudioVersion = 15.0.27428.2005
MinimumVisualStudioVersion = 10.0.40219.1
Project("{9A19103F-16F7-4668-BE54-9A1E7A4F7556}") = "AddressBook.Web", "AddressBook.Web\AddressBook.Web.csproj", "{6FCF6597-3605-43E8-94B8-7483ED31A410}"
EndProject
Project("{FAE04EC0-301F-11D3-BF4B-00C04F79EFBC}") = "AddressBook.Data", "AddressBook.Data\AddressBook.Data.csproj", "{DF8D642D-EC54-4229-B0C3-070DE984B18A}"
EndProject
Project("{FAE04EC0-301F-11D3-BF4B-00C04F79EFBC}") = "AddressBook.DataRepository", "AddressBook.Repository\AddressBook.DataRepository.csproj", "{B0F0F557-6AE0-4F5E-978D-A5E78C526FE9}"
EndProject
Project("{FAE04EC0-301F-11D3-BF4B-00C04F79EFBC}") = "AddressBook.Service", "AddressBook.Service\AddressBook.Service.csproj", "{BD10BAE3-8B28-4205-8459-2E8DD827D8ED}"
EndProject
Project("{FAE04EC0-301F-11D3-BF4B-00C04F79EFBC}") = "AddressBook.ServiceImplementation", "AddressBook.ServiceImplementation\AddressBook.ServiceImplementation.csproj", "{7ED8BE88-D506-49FB-92CF-E065C93F0C6B}"
EndProject
Global
	GlobalSection(SolutionConfigurationPlatforms) = preSolution
		Debug|Any CPU = Debug|Any CPU
		Release|Any CPU = Release|Any CPU
	EndGlobalSection
	GlobalSection(ProjectConfigurationPlatforms) = postSolution
		{6FCF6597-3605-43E8-94B8-7483ED31A410}.Debug|Any CPU.ActiveCfg = Debug|Any CPU
		{6FCF6597-3605-43E8-94B8-7483ED31A410}.Debug|Any CPU.Build.0 = Debug|Any CPU
		{6FCF6597-3605-43E8-94B8-7483ED31A410}.Release|Any CPU.ActiveCfg = Release|Any CPU
		{6FCF6597-3605-43E8-94B8-7483ED31A410}.Release|Any CPU.Build.0 = Release|Any CPU
		{DF8D642D-EC54-4229-B0C3-070DE984B18A}.Debug|Any CPU.ActiveCfg = Debug|Any CPU
		{DF8D642D-EC54-4229-B0C3-070DE984B18A}.Debug|Any CPU.Build.0 = Debug|Any CPU
		{DF8D642D-EC54-4229-B0C3-070DE984B18A}.Release|Any CPU.ActiveCfg = Release|Any CPU
		{DF8D642D-EC54-4229-B0C3-070DE984B18A}.Release|Any CPU.Build.0 = Release|Any CPU
		{B0F0F557-6AE0-4F5E-978D-A5E78C526FE9}.Debug|Any CPU.ActiveCfg = Debug|Any CPU
		{B0F0F557-6AE0-4F5E-978D-A5E78C526FE9}.Debug|Any CPU.Build.0 = Debug|Any CPU
		{B0F0F557-6AE0-4F5E-978D-A5E78C526FE9}.Release|Any CPU.ActiveCfg = Release|Any CPU
		{B0F0F557-6AE0-4F5E-978D-A5E78C526FE9}.Release|Any CPU.Build.0 = Release|Any CPU
		{BD10BAE3-8B28-4205-8459-2E8DD827D8ED}.Debug|Any CPU.ActiveCfg = Debug|Any CPU
		{BD10BAE3-8B28-4205-8459-2E8DD827D8ED}.Debug|Any CPU.Build.0 = Debug|Any CPU
		{BD10BAE3-8B28-4205-8459-2E8DD827D8ED}.Release|Any CPU.ActiveCfg = Release|Any CPU
		{BD10BAE3-8B28-4205-8459-2E8DD827D8ED}.Release|Any CPU.Build.0 = Release|Any CPU
		{7ED8BE88-D506-49FB-92CF-E065C93F0C6B}.Debug|Any CPU.ActiveCfg = Debug|Any CPU
		{7ED8BE88-D506-49FB-92CF-E065C93F0C6B}.Debug|Any CPU.Build.0 = Debug|Any CPU
		{7ED8BE88-D506-49FB-92CF-E065C93F0C6B}.Release|Any CPU.ActiveCfg = Release|Any CPU
		{7ED8BE88-D506-49FB-92CF-E065C93F0C6B}.Release|Any CPU.Build.0 = Release|Any CPU
	EndGlobalSection
	GlobalSection(SolutionProperties) = preSolution
		HideSolutionNode = FALSE
	EndGlobalSection
	GlobalSection(ExtensibilityGlobals) = postSolution
		SolutionGuid = {B2B429F4-9763-4AB0-844C-FB93D850A23C}
	EndGlobalSection
EndGlobal
